
Microsoft Visual Studio Solution File, Format Version 12.00
# Visual Studio 14
VisualStudioVersion = 14.0.25420.1
MinimumVisualStudioVersion = 10.0.40219.1
Project("{FAE04EC0-301F-11D3-BF4B-00C04F79EFBC}") = "WindowsFormsApp12", "WindowsFormsApp12\WindowsFormsApp12.csproj", "{A21CD937-9C1D-4FC2-AE3E-F5375690DD94}"
EndProject
Global
	GlobalSection(SolutionConfigurationPlatforms) = preSolution
		Debug|Any CPU = Debug|Any CPU
		Debug|x64 = Debug|x64
		Release|Any CPU = Release|Any CPU
		Release|x64 = Release|x64
	EndGlobalSection
	GlobalSection(ProjectConfigurationPlatforms) = postSolution
		{A21CD937-9C1D-4FC2-AE3E-F5375690DD94}.Debug|Any CPU.ActiveCfg = Debug|Any CPU
		{A21CD937-9C1D-4FC2-AE3E-F5375690DD94}.Debug|Any CPU.Build.0 = Debug|Any CPU
		{A21CD937-9C1D-4FC2-AE3E-F5375690DD94}.Debug|x64.ActiveCfg = Debug|x64
		{A21CD937-9C1D-4FC2-AE3E-F5375690DD94}.Debug|x64.Build.0 = Debug|x64
		{A21CD937-9C1D-4FC2-AE3E-F5375690DD94}.Release|Any CPU.ActiveCfg = Release|Any CPU
		{A21CD937-9C1D-4FC2-AE3E-F5375690DD94}.Release|Any CPU.Build.0 = Release|Any CPU
		{A21CD937-9C1D-4FC2-AE3E-F5375690DD94}.Release|x64.ActiveCfg = Release|x64
		{A21CD937-9C1D-4FC2-AE3E-F5375690DD94}.Release|x64.Build.0 = Release|x64
	EndGlobalSection
	GlobalSection(SolutionProperties) = preSolution
		HideSolutionNode = FALSE
	EndGlobalSection
	GlobalSection(ExtensibilityGlobals) = postSolution
		SolutionGuid = {56419A74-51AF-420E-AB52-2E0BA38FBD59}
	EndGlobalSection
EndGlobal
